
Microsoft Visual Studio Solution File, Format Version 12.00
# Visual Studio 15
VisualStudioVersion = 15.0.27004.2005
MinimumVisualStudioVersion = 10.0.40219.1
Project("{FAE04EC0-301F-11D3-BF4B-00C04F79EFBC}") = "MountainViewApi", "MountainViewApi\MountainViewApi.csproj", "{511843A7-4A2B-4D92-8B15-7A3950FA349C}"
EndProject
Project("{FAE04EC0-301F-11D3-BF4B-00C04F79EFBC}") = "MountainViewDesktopCore", "MountainViewDesktopCore\MountainViewDesktopCore.csproj", "{475507E8-C7BE-4B07-A098-615BF92C4177}"
EndProject
Project("{FAE04EC0-301F-11D3-BF4B-00C04F79EFBC}") = "MountainViewDesktop", "MountainViewDesktop\MountainViewDesktop.csproj", "{475507E8-C7BE-4B07-A098-615BF92C4176}"
EndProject
Global
	GlobalSection(SolutionConfigurationPlatforms) = preSolution
		Debug|Any CPU = Debug|Any CPU
		Release|Any CPU = Release|Any CPU
	EndGlobalSection
	GlobalSection(ProjectConfigurationPlatforms) = postSolution
		{511843A7-4A2B-4D92-8B15-7A3950FA349C}.Debug|Any CPU.ActiveCfg = Debug|Any CPU
		{511843A7-4A2B-4D92-8B15-7A3950FA349C}.Debug|Any CPU.Build.0 = Debug|Any CPU
		{511843A7-4A2B-4D92-8B15-7A3950FA349C}.Release|Any CPU.ActiveCfg = Release|Any CPU
		{511843A7-4A2B-4D92-8B15-7A3950FA349C}.Release|Any CPU.Build.0 = Release|Any CPU
		{475507E8-C7BE-4B07-A098-615BF92C4177}.Debug|Any CPU.ActiveCfg = Debug|Any CPU
		{475507E8-C7BE-4B07-A098-615BF92C4177}.Debug|Any CPU.Build.0 = Debug|Any CPU
		{475507E8-C7BE-4B07-A098-615BF92C4177}.Release|Any CPU.ActiveCfg = Release|Any CPU
		{475507E8-C7BE-4B07-A098-615BF92C4177}.Release|Any CPU.Build.0 = Release|Any CPU
		{475507E8-C7BE-4B07-A098-615BF92C4176}.Debug|Any CPU.ActiveCfg = Debug|Any CPU
		{475507E8-C7BE-4B07-A098-615BF92C4176}.Debug|Any CPU.Build.0 = Debug|Any CPU
		{475507E8-C7BE-4B07-A098-615BF92C4176}.Release|Any CPU.ActiveCfg = Release|Any CPU
		{475507E8-C7BE-4B07-A098-615BF92C4176}.Release|Any CPU.Build.0 = Release|Any CPU
	EndGlobalSection
	GlobalSection(SolutionProperties) = preSolution
		HideSolutionNode = FALSE
	EndGlobalSection
	GlobalSection(ExtensibilityGlobals) = postSolution
		SolutionGuid = {CF8897FA-0D6D-4709-94BC-ACFA70BF1102}
	EndGlobalSection
	GlobalSection(Performance) = preSolution
		HasPerformanceSessions = true
	EndGlobalSection
EndGlobal
